{
  "pins" : [
    {
      "identity" : "alamofire",
      "kind" : "remoteSourceControl",
      "location" : "https://github.com/Alamofire/Alamofire.git",
      "state" : {
        "revision" : "b2fa556e4e48cbf06cf8c63def138c98f4b811fa",
        "version" : "5.8.0"
      }
    },
    {
      "identity" : "cfoundation",
      "kind" : "remoteSourceControl",
      "location" : "https://github.com/ayham-achami/CFoundation.git",
      "state" : {
        "branch" : "mainline",
        "revision" : "1f2b721a29c9cba5202a3c4389a702033f7f7373"
      }
    }
  ],
  "version" : 2
}
