{
  "object": {
    "pins": [
      {
        "package": "Alamofire",
        "repositoryURL": "https://github.com/Alamofire/Alamofire.git",
        "state": {
          "branch": null,
          "revision": "8dd85aee02e39dd280c75eef88ffdb86eed4b07b",
          "version": "5.6.2"
        }
      },
      {
        "package": "CFoundation",
        "repositoryURL": "https://github.com/ayham-achami/CFoundation.git",
        "state": {
          "branch": "mainline",
          "revision": "1f7e99da4ed4cb0ed95f98b6b6ec4d2b8404a10f",
          "version": null
        }
      }
    ]
  },
  "version": 1
}
