PODS:
  - Alamofire (5.6.4)
  - CFoundation (1.0.0)
  - SwiftLint (0.50.3)

DEPENDENCIES:
  - Alamofire
  - CFoundation (from `https://github.com/ayham-achami/CFoundation.git`, branch `mainline`)
  - SwiftLint

SPEC REPOS:
  https://github.com/CocoaPods/specs.git:
    - Alamofire
    - SwiftLint

EXTERNAL SOURCES:
  CFoundation:
    :branch: mainline
    :git: https://github.com/ayham-achami/CFoundation.git

CHECKOUT OPTIONS:
  CFoundation:
    :commit: 1f2b721a29c9cba5202a3c4389a702033f7f7373
    :git: https://github.com/ayham-achami/CFoundation.git

SPEC CHECKSUMS:
  Alamofire: 4e95d97098eacb88856099c4fc79b526a299e48c
  CFoundation: c483c0174fa4c40f9fa67f12feb860aeafa18db4
  SwiftLint: 77f7cb2b9bb81ab4a12fcc86448ba3f11afa50c6

PODFILE CHECKSUM: 73452898124ec216142250694890a353969628ae

COCOAPODS: 1.12.0
