PODS:
  - Alamofire (5.5.0)
  - CFoundation (1.0.0)
  - SwiftLint (0.45.1)

DEPENDENCIES:
  - Alamofire (from `https://github.com/Alamofire/Alamofire.git`)
  - CFoundation (from `https://github.com/ayham-achami/CFoundation.git`, branch `mainline`)
  - SwiftLint

SPEC REPOS:
  https://github.com/CocoaPods/specs.git:
    - SwiftLint

EXTERNAL SOURCES:
  Alamofire:
    :git: https://github.com/Alamofire/Alamofire.git
  CFoundation:
    :branch: mainline
    :git: https://github.com/ayham-achami/CFoundation.git

CHECKOUT OPTIONS:
  Alamofire:
    :commit: e1f6c211747bce531f4171848f62d9cb6de0cc82
    :git: https://github.com/Alamofire/Alamofire.git
  CFoundation:
    :commit: f8772334df295d2ea66d55e29bc2bb44f1958c77
    :git: https://github.com/ayham-achami/CFoundation.git

SPEC CHECKSUMS:
  Alamofire: 1c4fb5369c3fe93d2857c780d8bbe09f06f97e7c
  CFoundation: 14aee3cbc17ca7631ac651060cea0e27978270ef
  SwiftLint: 06ac37e4d38c7068e0935bb30cda95f093bec761

PODFILE CHECKSUM: 1aebb8b64a986890ea3c05e041f1751586845d3b

COCOAPODS: 1.11.2
