// !$*UTF8*$!
{
	archiveVersion = 1;
	classes = {
	};
	objectVersion = 51;
	objects = {

/* Begin PBXBuildFile section */
		09AF8DC3F9F0796B48354433 /* Pods_CRest_CRestTests.framework in Frameworks */ = {isa = PBXBuildFile; fileRef = 2BA01303C96D8CFFE43C6DC7 /* Pods_CRest_CRestTests.framework */; };
		4FD766638FC4E8BE868A9284 /* Pods_CRest.framework in Frameworks */ = {isa = PBXBuildFile; fileRef = 1D06329B95B6973D73E32471 /* Pods_CRest.framework */; };
		6BAA8ABE275F48720042CFCC /* AsyncAlamofireRestIO.swift in Sources */ = {isa = PBXBuildFile; fileRef = 6BAA8ABC275F48720042CFCC /* AsyncAlamofireRestIO.swift */; };
		6BAA8ABF275F48720042CFCC /* AsyncRestIO.swift in Sources */ = {isa = PBXBuildFile; fileRef = 6BAA8ABD275F48720042CFCC /* AsyncRestIO.swift */; };
		CF277AFA26C6BAF70003CDA9 /* AF+Extensions.swift in Sources */ = {isa = PBXBuildFile; fileRef = CF277AF226C6BAF70003CDA9 /* AF+Extensions.swift */; };
		CF277AFB26C6BAF70003CDA9 /* AF+Trust.swift in Sources */ = {isa = PBXBuildFile; fileRef = CF277AF326C6BAF70003CDA9 /* AF+Trust.swift */; };
		CF277AFC26C6BAF70003CDA9 /* AF+DynamicRequest.swift in Sources */ = {isa = PBXBuildFile; fileRef = CF277AF426C6BAF70003CDA9 /* AF+DynamicRequest.swift */; };
		CF277AFD26C6BAF70003CDA9 /* DynamicRequest.swift in Sources */ = {isa = PBXBuildFile; fileRef = CF277AF526C6BAF70003CDA9 /* DynamicRequest.swift */; };
		CF277AFE26C6BAF70003CDA9 /* AF+Error.swift in Sources */ = {isa = PBXBuildFile; fileRef = CF277AF626C6BAF70003CDA9 /* AF+Error.swift */; };
		CF277AFF26C6BAF70003CDA9 /* AF+Reachability.swift in Sources */ = {isa = PBXBuildFile; fileRef = CF277AF726C6BAF70003CDA9 /* AF+Reachability.swift */; };
		CF277B0026C6BAF70003CDA9 /* RestInterceptor.swift in Sources */ = {isa = PBXBuildFile; fileRef = CF277AF826C6BAF70003CDA9 /* RestInterceptor.swift */; };
		CF277B0126C6BAF70003CDA9 /* AF+Interceptor.swift in Sources */ = {isa = PBXBuildFile; fileRef = CF277AF926C6BAF70003CDA9 /* AF+Interceptor.swift */; };
		CF277B1826C6BC570003CDA9 /* NetworkInformant.swift in Sources */ = {isa = PBXBuildFile; fileRef = CF277B1726C6BC570003CDA9 /* NetworkInformant.swift */; };
		CF277B1A26C6BC770003CDA9 /* LogProtocols.swift in Sources */ = {isa = PBXBuildFile; fileRef = CF277B1926C6BC770003CDA9 /* LogProtocols.swift */; };
		CF277B1F26C6BE5B0003CDA9 /* ReachabilityListener.swift in Sources */ = {isa = PBXBuildFile; fileRef = CF277B1E26C6BE5B0003CDA9 /* ReachabilityListener.swift */; };
		CF277B2826C6BF660003CDA9 /* NetworkError.swift in Sources */ = {isa = PBXBuildFile; fileRef = CF277B2626C6BF660003CDA9 /* NetworkError.swift */; };
		CF277B2A26C6BF880003CDA9 /* BuildingError.swift in Sources */ = {isa = PBXBuildFile; fileRef = CF277B2926C6BF880003CDA9 /* BuildingError.swift */; };
		CF277B2F26C6BFEA0003CDA9 /* UIImage.swift in Sources */ = {isa = PBXBuildFile; fileRef = CF277B2E26C6BFEA0003CDA9 /* UIImage.swift */; };
		CF277B3126C6C0180003CDA9 /* SerializationError.swift in Sources */ = {isa = PBXBuildFile; fileRef = CF277B3026C6C0180003CDA9 /* SerializationError.swift */; };
		CF39E31926CBEBE6004DDCF9 /* Observer.swift in Sources */ = {isa = PBXBuildFile; fileRef = CF39E31326CBEBE6004DDCF9 /* Observer.swift */; };
		CF39E31A26CBEBE6004DDCF9 /* ProgressObserver.swift in Sources */ = {isa = PBXBuildFile; fileRef = CF39E31426CBEBE6004DDCF9 /* ProgressObserver.swift */; };
		CF39E31B26CBEBE6004DDCF9 /* ProgressController.swift in Sources */ = {isa = PBXBuildFile; fileRef = CF39E31526CBEBE6004DDCF9 /* ProgressController.swift */; };
		CF39E31C26CBEBE6004DDCF9 /* ObserverSource.swift in Sources */ = {isa = PBXBuildFile; fileRef = CF39E31626CBEBE6004DDCF9 /* ObserverSource.swift */; };
		CF39E31D26CBEBE6004DDCF9 /* Invocation.swift in Sources */ = {isa = PBXBuildFile; fileRef = CF39E31726CBEBE6004DDCF9 /* Invocation.swift */; };
		CF39E31E26CBEBE6004DDCF9 /* ObserverProtocol.swift in Sources */ = {isa = PBXBuildFile; fileRef = CF39E31826CBEBE6004DDCF9 /* ObserverProtocol.swift */; };
		CF59739E26C534DE00F3B458 /* CRest.h in Headers */ = {isa = PBXBuildFile; fileRef = CF59739026C534DE00F3B458 /* CRest.h */; settings = {ATTRIBUTES = (Public, ); }; };
		CFBBD91826CD1A5A00C98DCD /* Models.swift in Sources */ = {isa = PBXBuildFile; fileRef = CFBBD90E26CD1A5A00C98DCD /* Models.swift */; };
		CFBBD91926CD1A5A00C98DCD /* RestIOConfiguration.swift in Sources */ = {isa = PBXBuildFile; fileRef = CFBBD91026CD1A5A00C98DCD /* RestIOConfiguration.swift */; };
		CFBBD91A26CD1A5A00C98DCD /* Request+EndPoint.swift in Sources */ = {isa = PBXBuildFile; fileRef = CFBBD91126CD1A5A00C98DCD /* Request+EndPoint.swift */; };
		CFBBD91B26CD1A5A00C98DCD /* DynamicResponse.swift in Sources */ = {isa = PBXBuildFile; fileRef = CFBBD91226CD1A5A00C98DCD /* DynamicResponse.swift */; };
		CFBBD91C26CD1A5A00C98DCD /* DynamicURL.swift in Sources */ = {isa = PBXBuildFile; fileRef = CFBBD91326CD1A5A00C98DCD /* DynamicURL.swift */; };
		CFBBD91D26CD1A5A00C98DCD /* Http.swift in Sources */ = {isa = PBXBuildFile; fileRef = CFBBD91426CD1A5A00C98DCD /* Http.swift */; };
		CFBBD91E26CD1A5A00C98DCD /* DynamicHeaders.swift in Sources */ = {isa = PBXBuildFile; fileRef = CFBBD91526CD1A5A00C98DCD /* DynamicHeaders.swift */; };
		CFBBD91F26CD1A5A00C98DCD /* TrustEvaluating.swift in Sources */ = {isa = PBXBuildFile; fileRef = CFBBD91626CD1A5A00C98DCD /* TrustEvaluating.swift */; };
		CFBBD92026CD1A5A00C98DCD /* Multipart.swift in Sources */ = {isa = PBXBuildFile; fileRef = CFBBD91726CD1A5A00C98DCD /* Multipart.swift */; };
		DF0967F329D6B1710066D0C5 /* RestIOTestCase.swift in Sources */ = {isa = PBXBuildFile; fileRef = DF0967F229D6B1710066D0C5 /* RestIOTestCase.swift */; };
		DF0967F529D6B3950066D0C5 /* RestIO+TestCases.swift in Sources */ = {isa = PBXBuildFile; fileRef = DF0967F429D6B3950066D0C5 /* RestIO+TestCases.swift */; };
		DF0967FA29D831660066D0C5 /* IOInterceptor.swift in Sources */ = {isa = PBXBuildFile; fileRef = DF0967F829D830A50066D0C5 /* IOInterceptor.swift */; };
		DF0967FB29D831690066D0C5 /* IOSerializer.swift in Sources */ = {isa = PBXBuildFile; fileRef = DF0967F629D830740066D0C5 /* IOSerializer.swift */; };
		DF307BC5273C0E1700540031 /* ProgressPublisher.swift in Sources */ = {isa = PBXBuildFile; fileRef = DF307BBF273C0E1600540031 /* ProgressPublisher.swift */; };
		DF307BC6273C0E1700540031 /* CombineRestIO.swift in Sources */ = {isa = PBXBuildFile; fileRef = DF307BC0273C0E1600540031 /* CombineRestIO.swift */; };
		DF307BC7273C0E1700540031 /* CombineAlamofireRestIO.swift in Sources */ = {isa = PBXBuildFile; fileRef = DF307BC1273C0E1600540031 /* CombineAlamofireRestIO.swift */; };
		DF45870D28D893E700504053 /* Base64.swift in Sources */ = {isa = PBXBuildFile; fileRef = DF45870C28D893E700504053 /* Base64.swift */; };
		DF45870F28D8955800504053 /* Base64+JSON.swift in Sources */ = {isa = PBXBuildFile; fileRef = DF45870E28D8955800504053 /* Base64+JSON.swift */; };
		DF45871128D895A900504053 /* GZip+Base64.swift in Sources */ = {isa = PBXBuildFile; fileRef = DF45871028D895A900504053 /* GZip+Base64.swift */; };
		DF68EE7329B0BC1700381CE1 /* AF+Serializer.swift in Sources */ = {isa = PBXBuildFile; fileRef = DF68EE7229B0BC1700381CE1 /* AF+Serializer.swift */; };
		DF68EE7529B1DFB800381CE1 /* AF+IO.swift in Sources */ = {isa = PBXBuildFile; fileRef = DF68EE7429B1DFB800381CE1 /* AF+IO.swift */; };
		DFBB9A73289D4F7D00ADDEC3 /* AnyDecodable.swift in Sources */ = {isa = PBXBuildFile; fileRef = DFBB9A72289D4F7D00ADDEC3 /* AnyDecodable.swift */; };
		DFBB9A7728A0F1CE00ADDEC3 /* AnyEncodable.swift in Sources */ = {isa = PBXBuildFile; fileRef = DFBB9A7628A0F1CE00ADDEC3 /* AnyEncodable.swift */; };
		DFBB9A8228A246FB00ADDEC3 /* CRest.framework in Frameworks */ = {isa = PBXBuildFile; fileRef = CF59738D26C534DE00F3B458 /* CRest.framework */; };
		DFBB9A8828A2470100ADDEC3 /* RequestTests.swift in Sources */ = {isa = PBXBuildFile; fileRef = CFBBD93226CD358D00C98DCD /* RequestTests.swift */; };
		DFBB9A8928A2470400ADDEC3 /* AnyCodableTests.swift in Sources */ = {isa = PBXBuildFile; fileRef = DFBB9A7828A11C6A00ADDEC3 /* AnyCodableTests.swift */; };
		DFD2E85C28B5094000A13691 /* Baseable.swift in Sources */ = {isa = PBXBuildFile; fileRef = DFD2E85B28B5094000A13691 /* Baseable.swift */; };
		DFD2E85E28B5096C00A13691 /* JSONRepresentable.swift in Sources */ = {isa = PBXBuildFile; fileRef = DFD2E85D28B5096C00A13691 /* JSONRepresentable.swift */; };
		DFF1697729E034C2009B8C55 /* IOAuthenticator.swift in Sources */ = {isa = PBXBuildFile; fileRef = DFF1697629E034C2009B8C55 /* IOAuthenticator.swift */; };
		DFF1697929E03515009B8C55 /* AF+Authenticator.swift in Sources */ = {isa = PBXBuildFile; fileRef = DFF1697829E03515009B8C55 /* AF+Authenticator.swift */; };
		DFF1697C29E04C75009B8C55 /* IOHandshake.swift in Sources */ = {isa = PBXBuildFile; fileRef = DFF1697A29E0371E009B8C55 /* IOHandshake.swift */; };
/* End PBXBuildFile section */

/* Begin PBXContainerItemProxy section */
		DFBB9A8328A246FB00ADDEC3 /* PBXContainerItemProxy */ = {
			isa = PBXContainerItemProxy;
			containerPortal = CF59738426C534DE00F3B458 /* Project object */;
			proxyType = 1;
			remoteGlobalIDString = CF59738C26C534DE00F3B458;
			remoteInfo = CRest;
		};
/* End PBXContainerItemProxy section */

/* Begin PBXFileReference section */
		0B4A6C2081EC74E16669291E /* Pods-CRest-CRestTests.release.xcconfig */ = {isa = PBXFileReference; includeInIndex = 1; lastKnownFileType = text.xcconfig; name = "Pods-CRest-CRestTests.release.xcconfig"; path = "Target Support Files/Pods-CRest-CRestTests/Pods-CRest-CRestTests.release.xcconfig"; sourceTree = "<group>"; };
		1D06329B95B6973D73E32471 /* Pods_CRest.framework */ = {isa = PBXFileReference; explicitFileType = wrapper.framework; includeInIndex = 0; path = Pods_CRest.framework; sourceTree = BUILT_PRODUCTS_DIR; };
		2BA01303C96D8CFFE43C6DC7 /* Pods_CRest_CRestTests.framework */ = {isa = PBXFileReference; explicitFileType = wrapper.framework; includeInIndex = 0; path = Pods_CRest_CRestTests.framework; sourceTree = BUILT_PRODUCTS_DIR; };
		6BAA8ABC275F48720042CFCC /* AsyncAlamofireRestIO.swift */ = {isa = PBXFileReference; fileEncoding = 4; lastKnownFileType = sourcecode.swift; path = AsyncAlamofireRestIO.swift; sourceTree = "<group>"; };
		6BAA8ABD275F48720042CFCC /* AsyncRestIO.swift */ = {isa = PBXFileReference; fileEncoding = 4; lastKnownFileType = sourcecode.swift; path = AsyncRestIO.swift; sourceTree = "<group>"; };
		6FC1AA2DC67485025641E4E2 /* Pods-CRestTests.debug.xcconfig */ = {isa = PBXFileReference; includeInIndex = 1; lastKnownFileType = text.xcconfig; name = "Pods-CRestTests.debug.xcconfig"; path = "Target Support Files/Pods-CRestTests/Pods-CRestTests.debug.xcconfig"; sourceTree = "<group>"; };
		74A447F12B58BB4B4A7BD047 /* Pods-CRest.release.xcconfig */ = {isa = PBXFileReference; includeInIndex = 1; lastKnownFileType = text.xcconfig; name = "Pods-CRest.release.xcconfig"; path = "Target Support Files/Pods-CRest/Pods-CRest.release.xcconfig"; sourceTree = "<group>"; };
		8FCED2E5293401520C8E5924 /* Pods-CRest.debug.xcconfig */ = {isa = PBXFileReference; includeInIndex = 1; lastKnownFileType = text.xcconfig; name = "Pods-CRest.debug.xcconfig"; path = "Target Support Files/Pods-CRest/Pods-CRest.debug.xcconfig"; sourceTree = "<group>"; };
		A7D40E21C23589D630231FC6 /* Pods-CRest-CRestTests.debug.xcconfig */ = {isa = PBXFileReference; includeInIndex = 1; lastKnownFileType = text.xcconfig; name = "Pods-CRest-CRestTests.debug.xcconfig"; path = "Target Support Files/Pods-CRest-CRestTests/Pods-CRest-CRestTests.debug.xcconfig"; sourceTree = "<group>"; };
		CF277AF226C6BAF70003CDA9 /* AF+Extensions.swift */ = {isa = PBXFileReference; fileEncoding = 4; lastKnownFileType = sourcecode.swift; path = "AF+Extensions.swift"; sourceTree = "<group>"; };
		CF277AF326C6BAF70003CDA9 /* AF+Trust.swift */ = {isa = PBXFileReference; fileEncoding = 4; lastKnownFileType = sourcecode.swift; path = "AF+Trust.swift"; sourceTree = "<group>"; };
		CF277AF426C6BAF70003CDA9 /* AF+DynamicRequest.swift */ = {isa = PBXFileReference; fileEncoding = 4; lastKnownFileType = sourcecode.swift; path = "AF+DynamicRequest.swift"; sourceTree = "<group>"; };
		CF277AF526C6BAF70003CDA9 /* DynamicRequest.swift */ = {isa = PBXFileReference; fileEncoding = 4; lastKnownFileType = sourcecode.swift; path = DynamicRequest.swift; sourceTree = "<group>"; };
		CF277AF626C6BAF70003CDA9 /* AF+Error.swift */ = {isa = PBXFileReference; fileEncoding = 4; lastKnownFileType = sourcecode.swift; path = "AF+Error.swift"; sourceTree = "<group>"; };
		CF277AF726C6BAF70003CDA9 /* AF+Reachability.swift */ = {isa = PBXFileReference; fileEncoding = 4; lastKnownFileType = sourcecode.swift; path = "AF+Reachability.swift"; sourceTree = "<group>"; };
		CF277AF826C6BAF70003CDA9 /* RestInterceptor.swift */ = {isa = PBXFileReference; fileEncoding = 4; lastKnownFileType = sourcecode.swift; path = RestInterceptor.swift; sourceTree = "<group>"; };
		CF277AF926C6BAF70003CDA9 /* AF+Interceptor.swift */ = {isa = PBXFileReference; fileEncoding = 4; lastKnownFileType = sourcecode.swift; path = "AF+Interceptor.swift"; sourceTree = "<group>"; };
		CF277B1726C6BC570003CDA9 /* NetworkInformant.swift */ = {isa = PBXFileReference; fileEncoding = 4; lastKnownFileType = sourcecode.swift; path = NetworkInformant.swift; sourceTree = "<group>"; };
		CF277B1926C6BC770003CDA9 /* LogProtocols.swift */ = {isa = PBXFileReference; fileEncoding = 4; lastKnownFileType = sourcecode.swift; path = LogProtocols.swift; sourceTree = "<group>"; };
		CF277B1E26C6BE5B0003CDA9 /* ReachabilityListener.swift */ = {isa = PBXFileReference; fileEncoding = 4; lastKnownFileType = sourcecode.swift; path = ReachabilityListener.swift; sourceTree = "<group>"; };
		CF277B2626C6BF660003CDA9 /* NetworkError.swift */ = {isa = PBXFileReference; fileEncoding = 4; lastKnownFileType = sourcecode.swift; path = NetworkError.swift; sourceTree = "<group>"; };
		CF277B2926C6BF880003CDA9 /* BuildingError.swift */ = {isa = PBXFileReference; fileEncoding = 4; lastKnownFileType = sourcecode.swift; path = BuildingError.swift; sourceTree = "<group>"; };
		CF277B2E26C6BFEA0003CDA9 /* UIImage.swift */ = {isa = PBXFileReference; fileEncoding = 4; lastKnownFileType = sourcecode.swift; path = UIImage.swift; sourceTree = "<group>"; };
		CF277B3026C6C0180003CDA9 /* SerializationError.swift */ = {isa = PBXFileReference; fileEncoding = 4; lastKnownFileType = sourcecode.swift; path = SerializationError.swift; sourceTree = "<group>"; };
		CF39E31326CBEBE6004DDCF9 /* Observer.swift */ = {isa = PBXFileReference; fileEncoding = 4; lastKnownFileType = sourcecode.swift; path = Observer.swift; sourceTree = "<group>"; };
		CF39E31426CBEBE6004DDCF9 /* ProgressObserver.swift */ = {isa = PBXFileReference; fileEncoding = 4; lastKnownFileType = sourcecode.swift; path = ProgressObserver.swift; sourceTree = "<group>"; };
		CF39E31526CBEBE6004DDCF9 /* ProgressController.swift */ = {isa = PBXFileReference; fileEncoding = 4; lastKnownFileType = sourcecode.swift; path = ProgressController.swift; sourceTree = "<group>"; };
		CF39E31626CBEBE6004DDCF9 /* ObserverSource.swift */ = {isa = PBXFileReference; fileEncoding = 4; lastKnownFileType = sourcecode.swift; path = ObserverSource.swift; sourceTree = "<group>"; };
		CF39E31726CBEBE6004DDCF9 /* Invocation.swift */ = {isa = PBXFileReference; fileEncoding = 4; lastKnownFileType = sourcecode.swift; path = Invocation.swift; sourceTree = "<group>"; };
		CF39E31826CBEBE6004DDCF9 /* ObserverProtocol.swift */ = {isa = PBXFileReference; fileEncoding = 4; lastKnownFileType = sourcecode.swift; path = ObserverProtocol.swift; sourceTree = "<group>"; };
		CF59738D26C534DE00F3B458 /* CRest.framework */ = {isa = PBXFileReference; explicitFileType = wrapper.framework; includeInIndex = 0; path = CRest.framework; sourceTree = BUILT_PRODUCTS_DIR; };
		CF59739026C534DE00F3B458 /* CRest.h */ = {isa = PBXFileReference; lastKnownFileType = sourcecode.c.h; path = CRest.h; sourceTree = "<group>"; };
		CF59739126C534DE00F3B458 /* Info.plist */ = {isa = PBXFileReference; lastKnownFileType = text.plist.xml; path = Info.plist; sourceTree = "<group>"; };
		CFAD6DC926CE5DE7005C478E /* .swiftlint.yml */ = {isa = PBXFileReference; fileEncoding = 4; lastKnownFileType = text.yaml; path = .swiftlint.yml; sourceTree = "<group>"; };
		CFAD6DCE26CE5E24005C478E /* Pluginfile */ = {isa = PBXFileReference; explicitFileType = text.script.ruby; name = Pluginfile; path = fastlane/Pluginfile; sourceTree = "<group>"; };
		CFAD6DD026CE5E24005C478E /* Fastfile */ = {isa = PBXFileReference; explicitFileType = text.script.ruby; name = Fastfile; path = fastlane/Fastfile; sourceTree = "<group>"; };
		CFBBD90E26CD1A5A00C98DCD /* Models.swift */ = {isa = PBXFileReference; fileEncoding = 4; lastKnownFileType = sourcecode.swift; path = Models.swift; sourceTree = "<group>"; };
		CFBBD91026CD1A5A00C98DCD /* RestIOConfiguration.swift */ = {isa = PBXFileReference; fileEncoding = 4; lastKnownFileType = sourcecode.swift; path = RestIOConfiguration.swift; sourceTree = "<group>"; };
		CFBBD91126CD1A5A00C98DCD /* Request+EndPoint.swift */ = {isa = PBXFileReference; fileEncoding = 4; lastKnownFileType = sourcecode.swift; path = "Request+EndPoint.swift"; sourceTree = "<group>"; };
		CFBBD91226CD1A5A00C98DCD /* DynamicResponse.swift */ = {isa = PBXFileReference; fileEncoding = 4; lastKnownFileType = sourcecode.swift; path = DynamicResponse.swift; sourceTree = "<group>"; };
		CFBBD91326CD1A5A00C98DCD /* DynamicURL.swift */ = {isa = PBXFileReference; fileEncoding = 4; lastKnownFileType = sourcecode.swift; path = DynamicURL.swift; sourceTree = "<group>"; };
		CFBBD91426CD1A5A00C98DCD /* Http.swift */ = {isa = PBXFileReference; fileEncoding = 4; lastKnownFileType = sourcecode.swift; path = Http.swift; sourceTree = "<group>"; };
		CFBBD91526CD1A5A00C98DCD /* DynamicHeaders.swift */ = {isa = PBXFileReference; fileEncoding = 4; lastKnownFileType = sourcecode.swift; path = DynamicHeaders.swift; sourceTree = "<group>"; };
		CFBBD91626CD1A5A00C98DCD /* TrustEvaluating.swift */ = {isa = PBXFileReference; fileEncoding = 4; lastKnownFileType = sourcecode.swift; path = TrustEvaluating.swift; sourceTree = "<group>"; };
		CFBBD91726CD1A5A00C98DCD /* Multipart.swift */ = {isa = PBXFileReference; fileEncoding = 4; lastKnownFileType = sourcecode.swift; path = Multipart.swift; sourceTree = "<group>"; };
		CFBBD93226CD358D00C98DCD /* RequestTests.swift */ = {isa = PBXFileReference; fileEncoding = 4; lastKnownFileType = sourcecode.swift; path = RequestTests.swift; sourceTree = "<group>"; };
		CFBBD93726CD368200C98DCD /* Info.plist */ = {isa = PBXFileReference; lastKnownFileType = text.plist.xml; path = Info.plist; sourceTree = "<group>"; };
		CFBBD93826CD36E400C98DCD /* Package.swift */ = {isa = PBXFileReference; lastKnownFileType = sourcecode.swift; path = Package.swift; sourceTree = "<group>"; };
		DF0967F229D6B1710066D0C5 /* RestIOTestCase.swift */ = {isa = PBXFileReference; lastKnownFileType = sourcecode.swift; path = RestIOTestCase.swift; sourceTree = "<group>"; };
		DF0967F429D6B3950066D0C5 /* RestIO+TestCases.swift */ = {isa = PBXFileReference; lastKnownFileType = sourcecode.swift; path = "RestIO+TestCases.swift"; sourceTree = "<group>"; };
		DF0967F629D830740066D0C5 /* IOSerializer.swift */ = {isa = PBXFileReference; lastKnownFileType = sourcecode.swift; path = IOSerializer.swift; sourceTree = "<group>"; };
		DF0967F829D830A50066D0C5 /* IOInterceptor.swift */ = {isa = PBXFileReference; lastKnownFileType = sourcecode.swift; path = IOInterceptor.swift; sourceTree = "<group>"; };
		DF1B8C7327919BE700036669 /* Gemfile */ = {isa = PBXFileReference; explicitFileType = text.script.ruby; path = Gemfile; sourceTree = "<group>"; };
		DF307BBA273C077900540031 /* README.md */ = {isa = PBXFileReference; lastKnownFileType = net.daringfireball.markdown; path = README.md; sourceTree = "<group>"; };
		DF307BBB273C081200540031 /* LICENSE */ = {isa = PBXFileReference; lastKnownFileType = text; path = LICENSE; sourceTree = "<group>"; };
		DF307BBF273C0E1600540031 /* ProgressPublisher.swift */ = {isa = PBXFileReference; fileEncoding = 4; lastKnownFileType = sourcecode.swift; path = ProgressPublisher.swift; sourceTree = "<group>"; };
		DF307BC0273C0E1600540031 /* CombineRestIO.swift */ = {isa = PBXFileReference; fileEncoding = 4; lastKnownFileType = sourcecode.swift; path = CombineRestIO.swift; sourceTree = "<group>"; };
		DF307BC1273C0E1600540031 /* CombineAlamofireRestIO.swift */ = {isa = PBXFileReference; fileEncoding = 4; lastKnownFileType = sourcecode.swift; path = CombineAlamofireRestIO.swift; sourceTree = "<group>"; };
		DF45870C28D893E700504053 /* Base64.swift */ = {isa = PBXFileReference; lastKnownFileType = sourcecode.swift; path = Base64.swift; sourceTree = "<group>"; };
		DF45870E28D8955800504053 /* Base64+JSON.swift */ = {isa = PBXFileReference; lastKnownFileType = sourcecode.swift; path = "Base64+JSON.swift"; sourceTree = "<group>"; };
		DF45871028D895A900504053 /* GZip+Base64.swift */ = {isa = PBXFileReference; lastKnownFileType = sourcecode.swift; path = "GZip+Base64.swift"; sourceTree = "<group>"; };
		DF68EE7229B0BC1700381CE1 /* AF+Serializer.swift */ = {isa = PBXFileReference; lastKnownFileType = sourcecode.swift; path = "AF+Serializer.swift"; sourceTree = "<group>"; };
		DF68EE7429B1DFB800381CE1 /* AF+IO.swift */ = {isa = PBXFileReference; lastKnownFileType = sourcecode.swift; path = "AF+IO.swift"; sourceTree = "<group>"; };
		DF8571B8275FA1DE00C65491 /* CRest.podspec */ = {isa = PBXFileReference; explicitFileType = text.script.ruby; path = CRest.podspec; sourceTree = "<group>"; xcLanguageSpecificationIdentifier = xcode.lang.ruby; };
		DFBB9A72289D4F7D00ADDEC3 /* AnyDecodable.swift */ = {isa = PBXFileReference; lastKnownFileType = sourcecode.swift; path = AnyDecodable.swift; sourceTree = "<group>"; };
		DFBB9A7628A0F1CE00ADDEC3 /* AnyEncodable.swift */ = {isa = PBXFileReference; lastKnownFileType = sourcecode.swift; path = AnyEncodable.swift; sourceTree = "<group>"; };
		DFBB9A7828A11C6A00ADDEC3 /* AnyCodableTests.swift */ = {isa = PBXFileReference; lastKnownFileType = sourcecode.swift; path = AnyCodableTests.swift; sourceTree = "<group>"; };
		DFBB9A7E28A246FB00ADDEC3 /* CRestTests.xctest */ = {isa = PBXFileReference; explicitFileType = wrapper.cfbundle; includeInIndex = 0; path = CRestTests.xctest; sourceTree = BUILT_PRODUCTS_DIR; };
		DFD2E85B28B5094000A13691 /* Baseable.swift */ = {isa = PBXFileReference; lastKnownFileType = sourcecode.swift; path = Baseable.swift; sourceTree = "<group>"; };
		DFD2E85D28B5096C00A13691 /* JSONRepresentable.swift */ = {isa = PBXFileReference; lastKnownFileType = sourcecode.swift; path = JSONRepresentable.swift; sourceTree = "<group>"; };
		DFF1697629E034C2009B8C55 /* IOAuthenticator.swift */ = {isa = PBXFileReference; fileEncoding = 4; lastKnownFileType = sourcecode.swift; path = IOAuthenticator.swift; sourceTree = "<group>"; };
		DFF1697829E03515009B8C55 /* AF+Authenticator.swift */ = {isa = PBXFileReference; fileEncoding = 4; lastKnownFileType = sourcecode.swift; path = "AF+Authenticator.swift"; sourceTree = "<group>"; };
		DFF1697A29E0371E009B8C55 /* IOHandshake.swift */ = {isa = PBXFileReference; lastKnownFileType = sourcecode.swift; path = IOHandshake.swift; sourceTree = "<group>"; };
		E02A3EA14293626AE63222D6 /* Pods-CRestTests.release.xcconfig */ = {isa = PBXFileReference; includeInIndex = 1; lastKnownFileType = text.xcconfig; name = "Pods-CRestTests.release.xcconfig"; path = "Target Support Files/Pods-CRestTests/Pods-CRestTests.release.xcconfig"; sourceTree = "<group>"; };
/* End PBXFileReference section */

/* Begin PBXFrameworksBuildPhase section */
		CF59738A26C534DE00F3B458 /* Frameworks */ = {
			isa = PBXFrameworksBuildPhase;
			buildActionMask = 2147483647;
			files = (
				4FD766638FC4E8BE868A9284 /* Pods_CRest.framework in Frameworks */,
			);
			runOnlyForDeploymentPostprocessing = 0;
		};
		DFBB9A7B28A246FB00ADDEC3 /* Frameworks */ = {
			isa = PBXFrameworksBuildPhase;
			buildActionMask = 2147483647;
			files = (
				DFBB9A8228A246FB00ADDEC3 /* CRest.framework in Frameworks */,
				09AF8DC3F9F0796B48354433 /* Pods_CRest_CRestTests.framework in Frameworks */,
			);
			runOnlyForDeploymentPostprocessing = 0;
		};
/* End PBXFrameworksBuildPhase section */

/* Begin PBXGroup section */
		1F6012CA120F2B418D61E5C3 /* Pods */ = {
			isa = PBXGroup;
			children = (
				8FCED2E5293401520C8E5924 /* Pods-CRest.debug.xcconfig */,
				74A447F12B58BB4B4A7BD047 /* Pods-CRest.release.xcconfig */,
				6FC1AA2DC67485025641E4E2 /* Pods-CRestTests.debug.xcconfig */,
				E02A3EA14293626AE63222D6 /* Pods-CRestTests.release.xcconfig */,
				A7D40E21C23589D630231FC6 /* Pods-CRest-CRestTests.debug.xcconfig */,
				0B4A6C2081EC74E16669291E /* Pods-CRest-CRestTests.release.xcconfig */,
			);
			path = Pods;
			sourceTree = "<group>";
		};
		6BAA8ABB275F48720042CFCC /* Async */ = {
			isa = PBXGroup;
			children = (
				6BAA8ABD275F48720042CFCC /* AsyncRestIO.swift */,
				6BAA8ABC275F48720042CFCC /* AsyncAlamofireRestIO.swift */,
			);
			path = Async;
			sourceTree = "<group>";
		};
		CF277AF126C6BAF70003CDA9 /* Alamofire */ = {
			isa = PBXGroup;
			children = (
				DF68EE7429B1DFB800381CE1 /* AF+IO.swift */,
				CF277AF326C6BAF70003CDA9 /* AF+Trust.swift */,
				CF277AF626C6BAF70003CDA9 /* AF+Error.swift */,
				DF68EE7229B0BC1700381CE1 /* AF+Serializer.swift */,
				CF277AF226C6BAF70003CDA9 /* AF+Extensions.swift */,
				CF277AF926C6BAF70003CDA9 /* AF+Interceptor.swift */,
				CF277AF726C6BAF70003CDA9 /* AF+Reachability.swift */,
				DFF1697829E03515009B8C55 /* AF+Authenticator.swift */,
				CF277AF426C6BAF70003CDA9 /* AF+DynamicRequest.swift */,
			);
			path = Alamofire;
			sourceTree = "<group>";
		};
		CF277B1626C6BC570003CDA9 /* Logging */ = {
			isa = PBXGroup;
			children = (
				CF277B1926C6BC770003CDA9 /* LogProtocols.swift */,
				CF277B1726C6BC570003CDA9 /* NetworkInformant.swift */,
			);
			path = Logging;
			sourceTree = "<group>";
		};
		CF277B1D26C6BE5B0003CDA9 /* Reachability */ = {
			isa = PBXGroup;
			children = (
				CF277B1E26C6BE5B0003CDA9 /* ReachabilityListener.swift */,
			);
			path = Reachability;
			sourceTree = "<group>";
		};
		CF277B2426C6BF660003CDA9 /* Errors */ = {
			isa = PBXGroup;
			children = (
				CF277B2626C6BF660003CDA9 /* NetworkError.swift */,
				CF277B2926C6BF880003CDA9 /* BuildingError.swift */,
				CF277B3026C6C0180003CDA9 /* SerializationError.swift */,
			);
			path = Errors;
			sourceTree = "<group>";
		};
		CF39E31226CBEBE6004DDCF9 /* Observing */ = {
			isa = PBXGroup;
			children = (
				CF39E31326CBEBE6004DDCF9 /* Observer.swift */,
				CF39E31726CBEBE6004DDCF9 /* Invocation.swift */,
				CF39E31626CBEBE6004DDCF9 /* ObserverSource.swift */,
				CF39E31826CBEBE6004DDCF9 /* ObserverProtocol.swift */,
				CF39E31426CBEBE6004DDCF9 /* ProgressObserver.swift */,
				CF39E31526CBEBE6004DDCF9 /* ProgressController.swift */,
			);
			path = Observing;
			sourceTree = "<group>";
		};
		CF59738326C534DE00F3B458 = {
			isa = PBXGroup;
			children = (
				CFBBD93826CD36E400C98DCD /* Package.swift */,
				CFAD6DC726CE5DCE005C478E /* CICD */,
				CF59738F26C534DE00F3B458 /* Sources */,
				CFBBD92E26CD358D00C98DCD /* CRestTests */,
				CF59738E26C534DE00F3B458 /* Products */,
				1F6012CA120F2B418D61E5C3 /* Pods */,
				DAB5A464443FB32EE482F124 /* Frameworks */,
			);
			sourceTree = "<group>";
		};
		CF59738E26C534DE00F3B458 /* Products */ = {
			isa = PBXGroup;
			children = (
				CF59738D26C534DE00F3B458 /* CRest.framework */,
				DFBB9A7E28A246FB00ADDEC3 /* CRestTests.xctest */,
			);
			name = Products;
			sourceTree = "<group>";
		};
		CF59738F26C534DE00F3B458 /* Sources */ = {
			isa = PBXGroup;
			children = (
				CF59739126C534DE00F3B458 /* Info.plist */,
				CF59739026C534DE00F3B458 /* CRest.h */,
				6BAA8ABB275F48720042CFCC /* Async */,
				CF277B2426C6BF660003CDA9 /* Errors */,
				DF45870B28D893DB00504053 /* Base64 */,
				CF277B1626C6BC570003CDA9 /* Logging */,
				DFBB9A71289D4F5B00ADDEC3 /* Codable */,
				DF307BBC273C0DFC00540031 /* Combine */,
				CF277AF126C6BAF70003CDA9 /* Alamofire */,
				CF39E31226CBEBE6004DDCF9 /* Observing */,
				CFBBD90D26CD1A5A00C98DCD /* Networking */,
				CF277B1D26C6BE5B0003CDA9 /* Reachability */,
			);
			path = Sources;
			sourceTree = "<group>";
		};
		CFAD6DC726CE5DCE005C478E /* CICD */ = {
			isa = PBXGroup;
			children = (
				CFAD6DC926CE5DE7005C478E /* .swiftlint.yml */,
				DF8571B8275FA1DE00C65491 /* CRest.podspec */,
				CFAD6DCD26CE5E0B005C478E /* Fastlane */,
			);
			name = CICD;
			sourceTree = "<group>";
		};
		CFAD6DCD26CE5E0B005C478E /* Fastlane */ = {
			isa = PBXGroup;
			children = (
				DF307BBA273C077900540031 /* README.md */,
				DF307BBB273C081200540031 /* LICENSE */,
				CFAD6DD026CE5E24005C478E /* Fastfile */,
				CFAD6DCE26CE5E24005C478E /* Pluginfile */,
				DF1B8C7327919BE700036669 /* Gemfile */,
			);
			name = Fastlane;
			sourceTree = "<group>";
		};
		CFBBD90D26CD1A5A00C98DCD /* Networking */ = {
			isa = PBXGroup;
			children = (
				CFBBD90E26CD1A5A00C98DCD /* Models.swift */,
				CF277B2E26C6BFEA0003CDA9 /* UIImage.swift */,
				CFBBD91726CD1A5A00C98DCD /* Multipart.swift */,
				CFBBD90F26CD1A5A00C98DCD /* Http */,
			);
			path = Networking;
			sourceTree = "<group>";
		};
		CFBBD90F26CD1A5A00C98DCD /* Http */ = {
			isa = PBXGroup;
			children = (
				CFBBD91426CD1A5A00C98DCD /* Http.swift */,
				DF0967F629D830740066D0C5 /* IOSerializer.swift */,
				DF0967F829D830A50066D0C5 /* IOInterceptor.swift */,
				DFF1697A29E0371E009B8C55 /* IOHandshake.swift */,
				DFF1697629E034C2009B8C55 /* IOAuthenticator.swift */,
				CFBBD91326CD1A5A00C98DCD /* DynamicURL.swift */,
				CF277AF826C6BAF70003CDA9 /* RestInterceptor.swift */,
				CFBBD91626CD1A5A00C98DCD /* TrustEvaluating.swift */,
				CFBBD91526CD1A5A00C98DCD /* DynamicHeaders.swift */,
				CF277AF526C6BAF70003CDA9 /* DynamicRequest.swift */,
				CFBBD91226CD1A5A00C98DCD /* DynamicResponse.swift */,
				CFBBD91126CD1A5A00C98DCD /* Request+EndPoint.swift */,
				CFBBD91026CD1A5A00C98DCD /* RestIOConfiguration.swift */,
			);
			path = Http;
			sourceTree = "<group>";
		};
		CFBBD92E26CD358D00C98DCD /* CRestTests */ = {
			isa = PBXGroup;
			children = (
				CFBBD93726CD368200C98DCD /* Info.plist */,
				DF0967F229D6B1710066D0C5 /* RestIOTestCase.swift */,
				DF0967F429D6B3950066D0C5 /* RestIO+TestCases.swift */,
				CFBBD93226CD358D00C98DCD /* RequestTests.swift */,
				DFBB9A7828A11C6A00ADDEC3 /* AnyCodableTests.swift */,
			);
			path = CRestTests;
			sourceTree = SOURCE_ROOT;
		};
		DAB5A464443FB32EE482F124 /* Frameworks */ = {
			isa = PBXGroup;
			children = (
				1D06329B95B6973D73E32471 /* Pods_CRest.framework */,
				2BA01303C96D8CFFE43C6DC7 /* Pods_CRest_CRestTests.framework */,
			);
			name = Frameworks;
			sourceTree = "<group>";
		};
		DF307BBC273C0DFC00540031 /* Combine */ = {
			isa = PBXGroup;
			children = (
				DF307BC0273C0E1600540031 /* CombineRestIO.swift */,
				DF307BBF273C0E1600540031 /* ProgressPublisher.swift */,
				DF307BC1273C0E1600540031 /* CombineAlamofireRestIO.swift */,
			);
			path = Combine;
			sourceTree = "<group>";
		};
		DF45870B28D893DB00504053 /* Base64 */ = {
			isa = PBXGroup;
			children = (
				DF45870C28D893E700504053 /* Base64.swift */,
				DF45871028D895A900504053 /* GZip+Base64.swift */,
				DF45870E28D8955800504053 /* Base64+JSON.swift */,
			);
			path = Base64;
			sourceTree = "<group>";
		};
		DFBB9A71289D4F5B00ADDEC3 /* Codable */ = {
			isa = PBXGroup;
			children = (
				DFD2E85B28B5094000A13691 /* Baseable.swift */,
				DFBB9A72289D4F7D00ADDEC3 /* AnyDecodable.swift */,
				DFBB9A7628A0F1CE00ADDEC3 /* AnyEncodable.swift */,
				DFD2E85D28B5096C00A13691 /* JSONRepresentable.swift */,
			);
			path = Codable;
			sourceTree = "<group>";
		};
/* End PBXGroup section */

/* Begin PBXHeadersBuildPhase section */
		CF59738826C534DE00F3B458 /* Headers */ = {
			isa = PBXHeadersBuildPhase;
			buildActionMask = 2147483647;
			files = (
				CF59739E26C534DE00F3B458 /* CRest.h in Headers */,
			);
			runOnlyForDeploymentPostprocessing = 0;
		};
/* End PBXHeadersBuildPhase section */

/* Begin PBXNativeTarget section */
		CF59738C26C534DE00F3B458 /* CRest */ = {
			isa = PBXNativeTarget;
			buildConfigurationList = CF5973A126C534DE00F3B458 /* Build configuration list for PBXNativeTarget "CRest" */;
			buildPhases = (
				CA40487511D85B28E4D46A66 /* [CP] Check Pods Manifest.lock */,
				CF59738826C534DE00F3B458 /* Headers */,
				CF59738926C534DE00F3B458 /* Sources */,
				CF59738A26C534DE00F3B458 /* Frameworks */,
				CF59738B26C534DE00F3B458 /* Resources */,
				DF1B8C722791999E00036669 /* SwiftLint */,
			);
			buildRules = (
			);
			dependencies = (
			);
			name = CRest;
			productName = CRest;
			productReference = CF59738D26C534DE00F3B458 /* CRest.framework */;
			productType = "com.apple.product-type.framework";
		};
		DFBB9A7D28A246FB00ADDEC3 /* CRestTests */ = {
			isa = PBXNativeTarget;
			buildConfigurationList = DFBB9A8528A246FB00ADDEC3 /* Build configuration list for PBXNativeTarget "CRestTests" */;
			buildPhases = (
				F6BF72C6AC7EF94649FD8D5C /* [CP] Check Pods Manifest.lock */,
				DFBB9A7A28A246FB00ADDEC3 /* Sources */,
				DFBB9A7B28A246FB00ADDEC3 /* Frameworks */,
				DFBB9A7C28A246FB00ADDEC3 /* Resources */,
				A239EE1BBB483E3D04D8E925 /* [CP] Embed Pods Frameworks */,
			);
			buildRules = (
			);
			dependencies = (
				DFBB9A8428A246FB00ADDEC3 /* PBXTargetDependency */,
			);
			name = CRestTests;
			productName = CRestTests;
			productReference = DFBB9A7E28A246FB00ADDEC3 /* CRestTests.xctest */;
			productType = "com.apple.product-type.bundle.unit-test";
		};
/* End PBXNativeTarget section */

/* Begin PBXProject section */
		CF59738426C534DE00F3B458 /* Project object */ = {
			isa = PBXProject;
			attributes = {
				LastSwiftUpdateCheck = 1340;
				LastUpgradeCheck = 1250;
				TargetAttributes = {
					CF59738C26C534DE00F3B458 = {
						CreatedOnToolsVersion = 12.5.1;
					};
					DFBB9A7D28A246FB00ADDEC3 = {
						CreatedOnToolsVersion = 13.4.1;
					};
				};
			};
			buildConfigurationList = CF59738726C534DE00F3B458 /* Build configuration list for PBXProject "CRest" */;
			compatibilityVersion = "Xcode 9.3";
			developmentRegion = en;
			hasScannedForEncodings = 0;
			knownRegions = (
				en,
				Base,
			);
			mainGroup = CF59738326C534DE00F3B458;
			productRefGroup = CF59738E26C534DE00F3B458 /* Products */;
			projectDirPath = "";
			projectRoot = "";
			targets = (
				CF59738C26C534DE00F3B458 /* CRest */,
				DFBB9A7D28A246FB00ADDEC3 /* CRestTests */,
			);
		};
/* End PBXProject section */

/* Begin PBXResourcesBuildPhase section */
		CF59738B26C534DE00F3B458 /* Resources */ = {
			isa = PBXResourcesBuildPhase;
			buildActionMask = 2147483647;
			files = (
			);
			runOnlyForDeploymentPostprocessing = 0;
		};
		DFBB9A7C28A246FB00ADDEC3 /* Resources */ = {
			isa = PBXResourcesBuildPhase;
			buildActionMask = 2147483647;
			files = (
			);
			runOnlyForDeploymentPostprocessing = 0;
		};
/* End PBXResourcesBuildPhase section */

/* Begin PBXShellScriptBuildPhase section */
		A239EE1BBB483E3D04D8E925 /* [CP] Embed Pods Frameworks */ = {
			isa = PBXShellScriptBuildPhase;
			buildActionMask = 2147483647;
			files = (
			);
			inputFileListPaths = (
				"${PODS_ROOT}/Target Support Files/Pods-CRest-CRestTests/Pods-CRest-CRestTests-frameworks-${CONFIGURATION}-input-files.xcfilelist",
			);
			name = "[CP] Embed Pods Frameworks";
			outputFileListPaths = (
				"${PODS_ROOT}/Target Support Files/Pods-CRest-CRestTests/Pods-CRest-CRestTests-frameworks-${CONFIGURATION}-output-files.xcfilelist",
			);
			runOnlyForDeploymentPostprocessing = 0;
			shellPath = /bin/sh;
			shellScript = "\"${PODS_ROOT}/Target Support Files/Pods-CRest-CRestTests/Pods-CRest-CRestTests-frameworks.sh\"\n";
			showEnvVarsInLog = 0;
		};
		CA40487511D85B28E4D46A66 /* [CP] Check Pods Manifest.lock */ = {
			isa = PBXShellScriptBuildPhase;
			buildActionMask = 2147483647;
			files = (
			);
			inputFileListPaths = (
			);
			inputPaths = (
				"${PODS_PODFILE_DIR_PATH}/Podfile.lock",
				"${PODS_ROOT}/Manifest.lock",
			);
			name = "[CP] Check Pods Manifest.lock";
			outputFileListPaths = (
			);
			outputPaths = (
				"$(DERIVED_FILE_DIR)/Pods-CRest-checkManifestLockResult.txt",
			);
			runOnlyForDeploymentPostprocessing = 0;
			shellPath = /bin/sh;
			shellScript = "diff \"${PODS_PODFILE_DIR_PATH}/Podfile.lock\" \"${PODS_ROOT}/Manifest.lock\" > /dev/null\nif [ $? != 0 ] ; then\n    # print error to STDERR\n    echo \"error: The sandbox is not in sync with the Podfile.lock. Run 'pod install' or update your CocoaPods installation.\" >&2\n    exit 1\nfi\n# This output is used by Xcode 'outputs' to avoid re-running this script phase.\necho \"SUCCESS\" > \"${SCRIPT_OUTPUT_FILE_0}\"\n";
			showEnvVarsInLog = 0;
		};
		DF1B8C722791999E00036669 /* SwiftLint */ = {
			isa = PBXShellScriptBuildPhase;
			buildActionMask = 2147483647;
			files = (
			);
			inputFileListPaths = (
			);
			inputPaths = (
			);
			name = SwiftLint;
			outputFileListPaths = (
			);
			outputPaths = (
			);
			runOnlyForDeploymentPostprocessing = 0;
			shellPath = /bin/sh;
			shellScript = "# Type a script or drag a script file from your workspace to insert its path.\n\"${PODS_ROOT}/SwiftLint/swiftlint\"\n";
		};
		F6BF72C6AC7EF94649FD8D5C /* [CP] Check Pods Manifest.lock */ = {
			isa = PBXShellScriptBuildPhase;
			buildActionMask = 2147483647;
			files = (
			);
			inputFileListPaths = (
			);
			inputPaths = (
				"${PODS_PODFILE_DIR_PATH}/Podfile.lock",
				"${PODS_ROOT}/Manifest.lock",
			);
			name = "[CP] Check Pods Manifest.lock";
			outputFileListPaths = (
			);
			outputPaths = (
				"$(DERIVED_FILE_DIR)/Pods-CRest-CRestTests-checkManifestLockResult.txt",
			);
			runOnlyForDeploymentPostprocessing = 0;
			shellPath = /bin/sh;
			shellScript = "diff \"${PODS_PODFILE_DIR_PATH}/Podfile.lock\" \"${PODS_ROOT}/Manifest.lock\" > /dev/null\nif [ $? != 0 ] ; then\n    # print error to STDERR\n    echo \"error: The sandbox is not in sync with the Podfile.lock. Run 'pod install' or update your CocoaPods installation.\" >&2\n    exit 1\nfi\n# This output is used by Xcode 'outputs' to avoid re-running this script phase.\necho \"SUCCESS\" > \"${SCRIPT_OUTPUT_FILE_0}\"\n";
			showEnvVarsInLog = 0;
		};
/* End PBXShellScriptBuildPhase section */

/* Begin PBXSourcesBuildPhase section */
		CF59738926C534DE00F3B458 /* Sources */ = {
			isa = PBXSourcesBuildPhase;
			buildActionMask = 2147483647;
			files = (
				CFBBD91C26CD1A5A00C98DCD /* DynamicURL.swift in Sources */,
				DF307BC6273C0E1700540031 /* CombineRestIO.swift in Sources */,
				CF277B2A26C6BF880003CDA9 /* BuildingError.swift in Sources */,
				DFBB9A73289D4F7D00ADDEC3 /* AnyDecodable.swift in Sources */,
				CF39E31D26CBEBE6004DDCF9 /* Invocation.swift in Sources */,
				DF0967FB29D831690066D0C5 /* IOSerializer.swift in Sources */,
				6BAA8ABF275F48720042CFCC /* AsyncRestIO.swift in Sources */,
				CF39E31926CBEBE6004DDCF9 /* Observer.swift in Sources */,
				CF277B0126C6BAF70003CDA9 /* AF+Interceptor.swift in Sources */,
				CF277AFC26C6BAF70003CDA9 /* AF+DynamicRequest.swift in Sources */,
				CF277AFF26C6BAF70003CDA9 /* AF+Reachability.swift in Sources */,
				CF277AFE26C6BAF70003CDA9 /* AF+Error.swift in Sources */,
				CF39E31B26CBEBE6004DDCF9 /* ProgressController.swift in Sources */,
				DF45870F28D8955800504053 /* Base64+JSON.swift in Sources */,
				DF0967FA29D831660066D0C5 /* IOInterceptor.swift in Sources */,
				CFBBD92026CD1A5A00C98DCD /* Multipart.swift in Sources */,
				DF68EE7329B0BC1700381CE1 /* AF+Serializer.swift in Sources */,
				CF39E31E26CBEBE6004DDCF9 /* ObserverProtocol.swift in Sources */,
				CF277AFD26C6BAF70003CDA9 /* DynamicRequest.swift in Sources */,
				CFBBD91926CD1A5A00C98DCD /* RestIOConfiguration.swift in Sources */,
				DFF1697729E034C2009B8C55 /* IOAuthenticator.swift in Sources */,
				DFD2E85C28B5094000A13691 /* Baseable.swift in Sources */,
				CF277B2F26C6BFEA0003CDA9 /* UIImage.swift in Sources */,
				CFBBD91D26CD1A5A00C98DCD /* Http.swift in Sources */,
				CFBBD91826CD1A5A00C98DCD /* Models.swift in Sources */,
				DF45871128D895A900504053 /* GZip+Base64.swift in Sources */,
				CFBBD91A26CD1A5A00C98DCD /* Request+EndPoint.swift in Sources */,
				DF68EE7529B1DFB800381CE1 /* AF+IO.swift in Sources */,
				CFBBD91B26CD1A5A00C98DCD /* DynamicResponse.swift in Sources */,
				DF45870D28D893E700504053 /* Base64.swift in Sources */,
				CF277B1A26C6BC770003CDA9 /* LogProtocols.swift in Sources */,
				CF277AFA26C6BAF70003CDA9 /* AF+Extensions.swift in Sources */,
				CF277B1F26C6BE5B0003CDA9 /* ReachabilityListener.swift in Sources */,
				CFBBD91E26CD1A5A00C98DCD /* DynamicHeaders.swift in Sources */,
				CF277B1826C6BC570003CDA9 /* NetworkInformant.swift in Sources */,
				6BAA8ABE275F48720042CFCC /* AsyncAlamofireRestIO.swift in Sources */,
				CF277AFB26C6BAF70003CDA9 /* AF+Trust.swift in Sources */,
				CF277B2826C6BF660003CDA9 /* NetworkError.swift in Sources */,
				DF307BC5273C0E1700540031 /* ProgressPublisher.swift in Sources */,
				DFD2E85E28B5096C00A13691 /* JSONRepresentable.swift in Sources */,
				DF307BC7273C0E1700540031 /* CombineAlamofireRestIO.swift in Sources */,
				CFBBD91F26CD1A5A00C98DCD /* TrustEvaluating.swift in Sources */,
				DFBB9A7728A0F1CE00ADDEC3 /* AnyEncodable.swift in Sources */,
				CF39E31C26CBEBE6004DDCF9 /* ObserverSource.swift in Sources */,
				CF277B0026C6BAF70003CDA9 /* RestInterceptor.swift in Sources */,
				CF277B3126C6C0180003CDA9 /* SerializationError.swift in Sources */,
				DFF1697929E03515009B8C55 /* AF+Authenticator.swift in Sources */,
				DFF1697C29E04C75009B8C55 /* IOHandshake.swift in Sources */,
				CF39E31A26CBEBE6004DDCF9 /* ProgressObserver.swift in Sources */,
			);
			runOnlyForDeploymentPostprocessing = 0;
		};
		DFBB9A7A28A246FB00ADDEC3 /* Sources */ = {
			isa = PBXSourcesBuildPhase;
			buildActionMask = 2147483647;
			files = (
				DFBB9A8828A2470100ADDEC3 /* RequestTests.swift in Sources */,
				DF0967F529D6B3950066D0C5 /* RestIO+TestCases.swift in Sources */,
				DF0967F329D6B1710066D0C5 /* RestIOTestCase.swift in Sources */,
				DFBB9A8928A2470400ADDEC3 /* AnyCodableTests.swift in Sources */,
			);
			runOnlyForDeploymentPostprocessing = 0;
		};
/* End PBXSourcesBuildPhase section */

/* Begin PBXTargetDependency section */
		DFBB9A8428A246FB00ADDEC3 /* PBXTargetDependency */ = {
			isa = PBXTargetDependency;
			target = CF59738C26C534DE00F3B458 /* CRest */;
			targetProxy = DFBB9A8328A246FB00ADDEC3 /* PBXContainerItemProxy */;
		};
/* End PBXTargetDependency section */

/* Begin XCBuildConfiguration section */
		CF59739F26C534DE00F3B458 /* Debug */ = {
			isa = XCBuildConfiguration;
			buildSettings = {
				ALWAYS_SEARCH_USER_PATHS = NO;
				CLANG_ANALYZER_NONNULL = YES;
				CLANG_ANALYZER_NUMBER_OBJECT_CONVERSION = YES_AGGRESSIVE;
				CLANG_CXX_LANGUAGE_STANDARD = "gnu++14";
				CLANG_CXX_LIBRARY = "libc++";
				CLANG_ENABLE_MODULES = YES;
				CLANG_ENABLE_OBJC_ARC = YES;
				CLANG_ENABLE_OBJC_WEAK = YES;
				CLANG_WARN_BLOCK_CAPTURE_AUTORELEASING = YES;
				CLANG_WARN_BOOL_CONVERSION = YES;
				CLANG_WARN_COMMA = YES;
				CLANG_WARN_CONSTANT_CONVERSION = YES;
				CLANG_WARN_DEPRECATED_OBJC_IMPLEMENTATIONS = YES;
				CLANG_WARN_DIRECT_OBJC_ISA_USAGE = YES_ERROR;
				CLANG_WARN_DOCUMENTATION_COMMENTS = YES;
				CLANG_WARN_EMPTY_BODY = YES;
				CLANG_WARN_ENUM_CONVERSION = YES;
				CLANG_WARN_INFINITE_RECURSION = YES;
				CLANG_WARN_INT_CONVERSION = YES;
				CLANG_WARN_NON_LITERAL_NULL_CONVERSION = YES;
				CLANG_WARN_OBJC_IMPLICIT_RETAIN_SELF = YES;
				CLANG_WARN_OBJC_LITERAL_CONVERSION = YES;
				CLANG_WARN_OBJC_ROOT_CLASS = YES_ERROR;
				CLANG_WARN_QUOTED_INCLUDE_IN_FRAMEWORK_HEADER = YES;
				CLANG_WARN_RANGE_LOOP_ANALYSIS = YES;
				CLANG_WARN_STRICT_PROTOTYPES = YES;
				CLANG_WARN_SUSPICIOUS_MOVE = YES;
				CLANG_WARN_UNGUARDED_AVAILABILITY = YES_AGGRESSIVE;
				CLANG_WARN_UNREACHABLE_CODE = YES;
				CLANG_WARN__DUPLICATE_METHOD_MATCH = YES;
				COPY_PHASE_STRIP = NO;
				CURRENT_PROJECT_VERSION = 1;
				DEBUG_INFORMATION_FORMAT = dwarf;
				ENABLE_STRICT_OBJC_MSGSEND = YES;
				ENABLE_TESTABILITY = YES;
				GCC_C_LANGUAGE_STANDARD = gnu11;
				GCC_DYNAMIC_NO_PIC = NO;
				GCC_NO_COMMON_BLOCKS = YES;
				GCC_OPTIMIZATION_LEVEL = 0;
				GCC_PREPROCESSOR_DEFINITIONS = (
					"DEBUG=1",
					"$(inherited)",
				);
				GCC_WARN_64_TO_32_BIT_CONVERSION = YES;
				GCC_WARN_ABOUT_RETURN_TYPE = YES_ERROR;
				GCC_WARN_UNDECLARED_SELECTOR = YES;
				GCC_WARN_UNINITIALIZED_AUTOS = YES_AGGRESSIVE;
				GCC_WARN_UNUSED_FUNCTION = YES;
				GCC_WARN_UNUSED_VARIABLE = YES;
				IPHONEOS_DEPLOYMENT_TARGET = 13.0;
				MTL_ENABLE_DEBUG_INFO = INCLUDE_SOURCE;
				MTL_FAST_MATH = YES;
				ONLY_ACTIVE_ARCH = YES;
				SDKROOT = iphoneos;
				SWIFT_ACTIVE_COMPILATION_CONDITIONS = DEBUG;
				SWIFT_OPTIMIZATION_LEVEL = "-Onone";
				VERSIONING_SYSTEM = "apple-generic";
				VERSION_INFO_PREFIX = "";
			};
			name = Debug;
		};
		CF5973A026C534DE00F3B458 /* Release */ = {
			isa = XCBuildConfiguration;
			buildSettings = {
				ALWAYS_SEARCH_USER_PATHS = NO;
				CLANG_ANALYZER_NONNULL = YES;
				CLANG_ANALYZER_NUMBER_OBJECT_CONVERSION = YES_AGGRESSIVE;
				CLANG_CXX_LANGUAGE_STANDARD = "gnu++14";
				CLANG_CXX_LIBRARY = "libc++";
				CLANG_ENABLE_MODULES = YES;
				CLANG_ENABLE_OBJC_ARC = YES;
				CLANG_ENABLE_OBJC_WEAK = YES;
				CLANG_WARN_BLOCK_CAPTURE_AUTORELEASING = YES;
				CLANG_WARN_BOOL_CONVERSION = YES;
				CLANG_WARN_COMMA = YES;
				CLANG_WARN_CONSTANT_CONVERSION = YES;
				CLANG_WARN_DEPRECATED_OBJC_IMPLEMENTATIONS = YES;
				CLANG_WARN_DIRECT_OBJC_ISA_USAGE = YES_ERROR;
				CLANG_WARN_DOCUMENTATION_COMMENTS = YES;
				CLANG_WARN_EMPTY_BODY = YES;
				CLANG_WARN_ENUM_CONVERSION = YES;
				CLANG_WARN_INFINITE_RECURSION = YES;
				CLANG_WARN_INT_CONVERSION = YES;
				CLANG_WARN_NON_LITERAL_NULL_CONVERSION = YES;
				CLANG_WARN_OBJC_IMPLICIT_RETAIN_SELF = YES;
				CLANG_WARN_OBJC_LITERAL_CONVERSION = YES;
				CLANG_WARN_OBJC_ROOT_CLASS = YES_ERROR;
				CLANG_WARN_QUOTED_INCLUDE_IN_FRAMEWORK_HEADER = YES;
				CLANG_WARN_RANGE_LOOP_ANALYSIS = YES;
				CLANG_WARN_STRICT_PROTOTYPES = YES;
				CLANG_WARN_SUSPICIOUS_MOVE = YES;
				CLANG_WARN_UNGUARDED_AVAILABILITY = YES_AGGRESSIVE;
				CLANG_WARN_UNREACHABLE_CODE = YES;
				CLANG_WARN__DUPLICATE_METHOD_MATCH = YES;
				COPY_PHASE_STRIP = NO;
				CURRENT_PROJECT_VERSION = 1;
				DEBUG_INFORMATION_FORMAT = "dwarf-with-dsym";
				ENABLE_NS_ASSERTIONS = NO;
				ENABLE_STRICT_OBJC_MSGSEND = YES;
				GCC_C_LANGUAGE_STANDARD = gnu11;
				GCC_NO_COMMON_BLOCKS = YES;
				GCC_WARN_64_TO_32_BIT_CONVERSION = YES;
				GCC_WARN_ABOUT_RETURN_TYPE = YES_ERROR;
				GCC_WARN_UNDECLARED_SELECTOR = YES;
				GCC_WARN_UNINITIALIZED_AUTOS = YES_AGGRESSIVE;
				GCC_WARN_UNUSED_FUNCTION = YES;
				GCC_WARN_UNUSED_VARIABLE = YES;
				IPHONEOS_DEPLOYMENT_TARGET = 13.0;
				MTL_ENABLE_DEBUG_INFO = NO;
				MTL_FAST_MATH = YES;
				SDKROOT = iphoneos;
				SWIFT_COMPILATION_MODE = wholemodule;
				SWIFT_OPTIMIZATION_LEVEL = "-O";
				VALIDATE_PRODUCT = YES;
				VERSIONING_SYSTEM = "apple-generic";
				VERSION_INFO_PREFIX = "";
			};
			name = Release;
		};
		CF5973A226C534DE00F3B458 /* Debug */ = {
			isa = XCBuildConfiguration;
			baseConfigurationReference = 8FCED2E5293401520C8E5924 /* Pods-CRest.debug.xcconfig */;
			buildSettings = {
				CODE_SIGN_STYLE = Automatic;
				DEFINES_MODULE = YES;
				DYLIB_COMPATIBILITY_VERSION = 1;
				DYLIB_CURRENT_VERSION = 1;
				DYLIB_INSTALL_NAME_BASE = "@rpath";
				INFOPLIST_FILE = Sources/Info.plist;
				INSTALL_PATH = "$(LOCAL_LIBRARY_DIR)/Frameworks";
				IPHONEOS_DEPLOYMENT_TARGET = 13.0;
				"IPHONEOS_DEPLOYMENT_TARGET[sdk=macosx*]" = 14.2;
				LD_RUNPATH_SEARCH_PATHS = (
					"$(inherited)",
					"@executable_path/Frameworks",
					"@loader_path/Frameworks",
				);
				MACOSX_DEPLOYMENT_TARGET = 10.15;
				MARKETING_VERSION = 1.0.0;
				PRODUCT_BUNDLE_IDENTIFIER = CRest;
				PRODUCT_NAME = "$(TARGET_NAME:c99extidentifier)";
				SKIP_INSTALL = YES;
				SUPPORTED_PLATFORMS = "appletvos appletvsimulator iphoneos iphonesimulator macosx watchos watchsimulator";
				SUPPORTS_MACCATALYST = YES;
				SUPPORTS_MAC_DESIGNED_FOR_IPHONE_IPAD = YES;
				SWIFT_VERSION = 5.0;
				TARGETED_DEVICE_FAMILY = "1,2,3,4";
				TVOS_DEPLOYMENT_TARGET = 13.0;
				WATCHOS_DEPLOYMENT_TARGET = 6.0;
			};
			name = Debug;
		};
		CF5973A326C534DE00F3B458 /* Release */ = {
			isa = XCBuildConfiguration;
			baseConfigurationReference = 74A447F12B58BB4B4A7BD047 /* Pods-CRest.release.xcconfig */;
			buildSettings = {
				CODE_SIGN_STYLE = Automatic;
				DEFINES_MODULE = YES;
				DYLIB_COMPATIBILITY_VERSION = 1;
				DYLIB_CURRENT_VERSION = 1;
				DYLIB_INSTALL_NAME_BASE = "@rpath";
				INFOPLIST_FILE = Sources/Info.plist;
				INSTALL_PATH = "$(LOCAL_LIBRARY_DIR)/Frameworks";
				IPHONEOS_DEPLOYMENT_TARGET = 13.0;
				"IPHONEOS_DEPLOYMENT_TARGET[sdk=macosx*]" = 14.2;
				LD_RUNPATH_SEARCH_PATHS = (
					"$(inherited)",
					"@executable_path/Frameworks",
					"@loader_path/Frameworks",
				);
				MACOSX_DEPLOYMENT_TARGET = 10.15;
				MARKETING_VERSION = 1.0.0;
				PRODUCT_BUNDLE_IDENTIFIER = CRest;
				PRODUCT_NAME = "$(TARGET_NAME:c99extidentifier)";
				SKIP_INSTALL = YES;
				SUPPORTED_PLATFORMS = "appletvos appletvsimulator iphoneos iphonesimulator macosx watchos watchsimulator";
				SUPPORTS_MACCATALYST = YES;
				SUPPORTS_MAC_DESIGNED_FOR_IPHONE_IPAD = YES;
				SWIFT_VERSION = 5.0;
				TARGETED_DEVICE_FAMILY = "1,2,3,4";
				TVOS_DEPLOYMENT_TARGET = 13.0;
				WATCHOS_DEPLOYMENT_TARGET = 6.0;
			};
			name = Release;
		};
		DFBB9A8628A246FB00ADDEC3 /* Debug */ = {
			isa = XCBuildConfiguration;
			baseConfigurationReference = A7D40E21C23589D630231FC6 /* Pods-CRest-CRestTests.debug.xcconfig */;
			buildSettings = {
				CLANG_CXX_LANGUAGE_STANDARD = "gnu++17";
				CODE_SIGN_STYLE = Automatic;
				CURRENT_PROJECT_VERSION = 1;
				DEVELOPMENT_TEAM = 9XVT6R2MZ7;
				GENERATE_INFOPLIST_FILE = NO;
				INFOPLIST_FILE = CRestTests/Info.plist;
				IPHONEOS_DEPLOYMENT_TARGET = 13.0;
				MARKETING_VERSION = 1.0;
				PRODUCT_BUNDLE_IDENTIFIER = CRest.CRestTests;
				PRODUCT_NAME = "$(TARGET_NAME)";
				SWIFT_EMIT_LOC_STRINGS = NO;
				SWIFT_VERSION = 5.0;
				TARGETED_DEVICE_FAMILY = "1,2";
			};
			name = Debug;
		};
		DFBB9A8728A246FB00ADDEC3 /* Release */ = {
			isa = XCBuildConfiguration;
			baseConfigurationReference = 0B4A6C2081EC74E16669291E /* Pods-CRest-CRestTests.release.xcconfig */;
			buildSettings = {
				CLANG_CXX_LANGUAGE_STANDARD = "gnu++17";
				CODE_SIGN_STYLE = Automatic;
				CURRENT_PROJECT_VERSION = 1;
				DEVELOPMENT_TEAM = 9XVT6R2MZ7;
				GENERATE_INFOPLIST_FILE = NO;
				INFOPLIST_FILE = CRestTests/Info.plist;
				IPHONEOS_DEPLOYMENT_TARGET = 13.0;
				MARKETING_VERSION = 1.0;
				PRODUCT_BUNDLE_IDENTIFIER = CRest.CRestTests;
				PRODUCT_NAME = "$(TARGET_NAME)";
				SWIFT_EMIT_LOC_STRINGS = NO;
				SWIFT_VERSION = 5.0;
				TARGETED_DEVICE_FAMILY = "1,2";
			};
			name = Release;
		};
/* End XCBuildConfiguration section */

/* Begin XCConfigurationList section */
		CF59738726C534DE00F3B458 /* Build configuration list for PBXProject "CRest" */ = {
			isa = XCConfigurationList;
			buildConfigurations = (
				CF59739F26C534DE00F3B458 /* Debug */,
				CF5973A026C534DE00F3B458 /* Release */,
			);
			defaultConfigurationIsVisible = 0;
			defaultConfigurationName = Release;
		};
		CF5973A126C534DE00F3B458 /* Build configuration list for PBXNativeTarget "CRest" */ = {
			isa = XCConfigurationList;
			buildConfigurations = (
				CF5973A226C534DE00F3B458 /* Debug */,
				CF5973A326C534DE00F3B458 /* Release */,
			);
			defaultConfigurationIsVisible = 0;
			defaultConfigurationName = Release;
		};
		DFBB9A8528A246FB00ADDEC3 /* Build configuration list for PBXNativeTarget "CRestTests" */ = {
			isa = XCConfigurationList;
			buildConfigurations = (
				DFBB9A8628A246FB00ADDEC3 /* Debug */,
				DFBB9A8728A246FB00ADDEC3 /* Release */,
			);
			defaultConfigurationIsVisible = 0;
			defaultConfigurationName = Release;
		};
/* End XCConfigurationList section */
	};
	rootObject = CF59738426C534DE00F3B458 /* Project object */;
}
